
Microsoft Visual Studio Solution File, Format Version 12.00
# Visual Studio Version 17
VisualStudioVersion = 17.0.32126.317
MinimumVisualStudioVersion = 10.0.40219.1
Project("{FAE04EC0-301F-11D3-BF4B-00C04F79EFBC}") = "Assignment2", "Assignment2\Assignment2.csproj", "{822D6A50-B5AC-4FDE-B78C-5E65B6E8D90F}"
EndProject
Global
	GlobalSection(SolutionConfigurationPlatforms) = preSolution
		Debug|Any CPU = Debug|Any CPU
		Release|Any CPU = Release|Any CPU
	EndGlobalSection
	GlobalSection(ProjectConfigurationPlatforms) = postSolution
		{822D6A50-B5AC-4FDE-B78C-5E65B6E8D90F}.Debug|Any CPU.ActiveCfg = Debug|Any CPU
		{822D6A50-B5AC-4FDE-B78C-5E65B6E8D90F}.Debug|Any CPU.Build.0 = Debug|Any CPU
		{822D6A50-B5AC-4FDE-B78C-5E65B6E8D90F}.Release|Any CPU.ActiveCfg = Release|Any CPU
		{822D6A50-B5AC-4FDE-B78C-5E65B6E8D90F}.Release|Any CPU.Build.0 = Release|Any CPU
	EndGlobalSection
	GlobalSection(SolutionProperties) = preSolution
		HideSolutionNode = FALSE
	EndGlobalSection
	GlobalSection(ExtensibilityGlobals) = postSolution
		SolutionGuid = {DFDDE93C-F38A-4C27-9CBE-4F84DC6F4EB2}
	EndGlobalSection
EndGlobal
