
Microsoft Visual Studio Solution File, Format Version 12.00
# Visual Studio Version 16
VisualStudioVersion = 16.0.32413.511
MinimumVisualStudioVersion = 10.0.40219.1
Project("{FAE04EC0-301F-11D3-BF4B-00C04F79EFBC}") = "validation01", "validation01\validation01.csproj", "{F791DFAD-1F63-4E9E-84AA-1C48AD6C0655}"
EndProject
Global
	GlobalSection(SolutionConfigurationPlatforms) = preSolution
		Debug|Any CPU = Debug|Any CPU
		Release|Any CPU = Release|Any CPU
	EndGlobalSection
	GlobalSection(ProjectConfigurationPlatforms) = postSolution
		{F791DFAD-1F63-4E9E-84AA-1C48AD6C0655}.Debug|Any CPU.ActiveCfg = Debug|Any CPU
		{F791DFAD-1F63-4E9E-84AA-1C48AD6C0655}.Debug|Any CPU.Build.0 = Debug|Any CPU
		{F791DFAD-1F63-4E9E-84AA-1C48AD6C0655}.Release|Any CPU.ActiveCfg = Release|Any CPU
		{F791DFAD-1F63-4E9E-84AA-1C48AD6C0655}.Release|Any CPU.Build.0 = Release|Any CPU
	EndGlobalSection
	GlobalSection(SolutionProperties) = preSolution
		HideSolutionNode = FALSE
	EndGlobalSection
	GlobalSection(ExtensibilityGlobals) = postSolution
		SolutionGuid = {3B28B63D-A505-480A-BBA6-452505332E10}
	EndGlobalSection
EndGlobal
