
Microsoft Visual Studio Solution File, Format Version 12.00
# Visual Studio Version 16
VisualStudioVersion = 16.0.32413.511
MinimumVisualStudioVersion = 10.0.40219.1
Project("{FAE04EC0-301F-11D3-BF4B-00C04F79EFBC}") = "js1", "js1\js1.csproj", "{ACCEA696-BA69-470D-9524-3458FA432CB5}"
EndProject
Global
	GlobalSection(SolutionConfigurationPlatforms) = preSolution
		Debug|Any CPU = Debug|Any CPU
		Release|Any CPU = Release|Any CPU
	EndGlobalSection
	GlobalSection(ProjectConfigurationPlatforms) = postSolution
		{ACCEA696-BA69-470D-9524-3458FA432CB5}.Debug|Any CPU.ActiveCfg = Debug|Any CPU
		{ACCEA696-BA69-470D-9524-3458FA432CB5}.Debug|Any CPU.Build.0 = Debug|Any CPU
		{ACCEA696-BA69-470D-9524-3458FA432CB5}.Release|Any CPU.ActiveCfg = Release|Any CPU
		{ACCEA696-BA69-470D-9524-3458FA432CB5}.Release|Any CPU.Build.0 = Release|Any CPU
	EndGlobalSection
	GlobalSection(SolutionProperties) = preSolution
		HideSolutionNode = FALSE
	EndGlobalSection
	GlobalSection(ExtensibilityGlobals) = postSolution
		SolutionGuid = {BEF94DEC-B798-45DD-ABCB-DF030D2CC9AD}
	EndGlobalSection
EndGlobal
