
Microsoft Visual Studio Solution File, Format Version 12.00
# Visual Studio Version 16
VisualStudioVersion = 16.0.32413.511
MinimumVisualStudioVersion = 10.0.40219.1
Project("{FAE04EC0-301F-11D3-BF4B-00C04F79EFBC}") = "MVC_Movies", "MVC_Movies\MVC_Movies.csproj", "{2832B678-5C67-4197-B189-19F4E59D049F}"
EndProject
Global
	GlobalSection(SolutionConfigurationPlatforms) = preSolution
		Debug|Any CPU = Debug|Any CPU
		Release|Any CPU = Release|Any CPU
	EndGlobalSection
	GlobalSection(ProjectConfigurationPlatforms) = postSolution
		{2832B678-5C67-4197-B189-19F4E59D049F}.Debug|Any CPU.ActiveCfg = Debug|Any CPU
		{2832B678-5C67-4197-B189-19F4E59D049F}.Debug|Any CPU.Build.0 = Debug|Any CPU
		{2832B678-5C67-4197-B189-19F4E59D049F}.Release|Any CPU.ActiveCfg = Release|Any CPU
		{2832B678-5C67-4197-B189-19F4E59D049F}.Release|Any CPU.Build.0 = Release|Any CPU
	EndGlobalSection
	GlobalSection(SolutionProperties) = preSolution
		HideSolutionNode = FALSE
	EndGlobalSection
	GlobalSection(ExtensibilityGlobals) = postSolution
		SolutionGuid = {0DBA8BA8-18C1-4CDB-9078-9B9D76EA96F4}
	EndGlobalSection
EndGlobal
