
Microsoft Visual Studio Solution File, Format Version 12.00
# Visual Studio Version 16
VisualStudioVersion = 16.0.32413.511
MinimumVisualStudioVersion = 10.0.40219.1
Project("{FAE04EC0-301F-11D3-BF4B-00C04F79EFBC}") = "javasrcipt3", "javasrcipt3\javasrcipt3.csproj", "{2A1B4B85-29D6-4E2E-882E-219C103BC579}"
EndProject
Global
	GlobalSection(SolutionConfigurationPlatforms) = preSolution
		Debug|Any CPU = Debug|Any CPU
		Release|Any CPU = Release|Any CPU
	EndGlobalSection
	GlobalSection(ProjectConfigurationPlatforms) = postSolution
		{2A1B4B85-29D6-4E2E-882E-219C103BC579}.Debug|Any CPU.ActiveCfg = Debug|Any CPU
		{2A1B4B85-29D6-4E2E-882E-219C103BC579}.Debug|Any CPU.Build.0 = Debug|Any CPU
		{2A1B4B85-29D6-4E2E-882E-219C103BC579}.Release|Any CPU.ActiveCfg = Release|Any CPU
		{2A1B4B85-29D6-4E2E-882E-219C103BC579}.Release|Any CPU.Build.0 = Release|Any CPU
	EndGlobalSection
	GlobalSection(SolutionProperties) = preSolution
		HideSolutionNode = FALSE
	EndGlobalSection
	GlobalSection(ExtensibilityGlobals) = postSolution
		SolutionGuid = {5089827D-4FF2-494E-B738-090BF9ACB130}
	EndGlobalSection
EndGlobal
