
Microsoft Visual Studio Solution File, Format Version 12.00
# Visual Studio Version 16
VisualStudioVersion = 16.0.32413.511
MinimumVisualStudioVersion = 10.0.40219.1
Project("{FAE04EC0-301F-11D3-BF4B-00C04F79EFBC}") = "asp.net1", "asp.net1\asp.net1.csproj", "{53AE18C0-35CA-4C05-9610-4B0A4536274B}"
EndProject
Global
	GlobalSection(SolutionConfigurationPlatforms) = preSolution
		Debug|Any CPU = Debug|Any CPU
		Release|Any CPU = Release|Any CPU
	EndGlobalSection
	GlobalSection(ProjectConfigurationPlatforms) = postSolution
		{53AE18C0-35CA-4C05-9610-4B0A4536274B}.Debug|Any CPU.ActiveCfg = Debug|Any CPU
		{53AE18C0-35CA-4C05-9610-4B0A4536274B}.Debug|Any CPU.Build.0 = Debug|Any CPU
		{53AE18C0-35CA-4C05-9610-4B0A4536274B}.Release|Any CPU.ActiveCfg = Release|Any CPU
		{53AE18C0-35CA-4C05-9610-4B0A4536274B}.Release|Any CPU.Build.0 = Release|Any CPU
	EndGlobalSection
	GlobalSection(SolutionProperties) = preSolution
		HideSolutionNode = FALSE
	EndGlobalSection
	GlobalSection(ExtensibilityGlobals) = postSolution
		SolutionGuid = {05E05BC2-93DF-42C1-B0A2-D9529FC66E83}
	EndGlobalSection
EndGlobal
