
Microsoft Visual Studio Solution File, Format Version 12.00
# Visual Studio Version 17
VisualStudioVersion = 17.2.32616.157
MinimumVisualStudioVersion = 10.0.40219.1
Project("{FAE04EC0-301F-11D3-BF4B-00C04F79EFBC}") = "Codebase_6", "Codebase_6\Codebase_6.csproj", "{8EE7A89E-529C-4FEA-9C28-2EE184AF71C7}"
EndProject
Global
	GlobalSection(SolutionConfigurationPlatforms) = preSolution
		Debug|Any CPU = Debug|Any CPU
		Release|Any CPU = Release|Any CPU
	EndGlobalSection
	GlobalSection(ProjectConfigurationPlatforms) = postSolution
		{8EE7A89E-529C-4FEA-9C28-2EE184AF71C7}.Debug|Any CPU.ActiveCfg = Debug|Any CPU
		{8EE7A89E-529C-4FEA-9C28-2EE184AF71C7}.Debug|Any CPU.Build.0 = Debug|Any CPU
		{8EE7A89E-529C-4FEA-9C28-2EE184AF71C7}.Release|Any CPU.ActiveCfg = Release|Any CPU
		{8EE7A89E-529C-4FEA-9C28-2EE184AF71C7}.Release|Any CPU.Build.0 = Release|Any CPU
	EndGlobalSection
	GlobalSection(SolutionProperties) = preSolution
		HideSolutionNode = FALSE
	EndGlobalSection
	GlobalSection(ExtensibilityGlobals) = postSolution
		SolutionGuid = {412D5A32-0ACC-4F8A-BB37-50CCFD582D94}
	EndGlobalSection
EndGlobal
