
Microsoft Visual Studio Solution File, Format Version 12.00
# Visual Studio Version 16
VisualStudioVersion = 16.0.32413.511
MinimumVisualStudioVersion = 10.0.40219.1
Project("{FAE04EC0-301F-11D3-BF4B-00C04F79EFBC}") = "codebase_3", "codebase_3\codebase_3.csproj", "{DC377A3C-1AD7-421C-83A7-D79D0F5FD997}"
EndProject
Global
	GlobalSection(SolutionConfigurationPlatforms) = preSolution
		Debug|Any CPU = Debug|Any CPU
		Release|Any CPU = Release|Any CPU
	EndGlobalSection
	GlobalSection(ProjectConfigurationPlatforms) = postSolution
		{DC377A3C-1AD7-421C-83A7-D79D0F5FD997}.Debug|Any CPU.ActiveCfg = Debug|Any CPU
		{DC377A3C-1AD7-421C-83A7-D79D0F5FD997}.Debug|Any CPU.Build.0 = Debug|Any CPU
		{DC377A3C-1AD7-421C-83A7-D79D0F5FD997}.Release|Any CPU.ActiveCfg = Release|Any CPU
		{DC377A3C-1AD7-421C-83A7-D79D0F5FD997}.Release|Any CPU.Build.0 = Release|Any CPU
	EndGlobalSection
	GlobalSection(SolutionProperties) = preSolution
		HideSolutionNode = FALSE
	EndGlobalSection
	GlobalSection(ExtensibilityGlobals) = postSolution
		SolutionGuid = {4F779027-CBCA-4B74-9FEE-C13558CA2F48}
	EndGlobalSection
EndGlobal
