
Microsoft Visual Studio Solution File, Format Version 12.00
# Visual Studio Version 17
VisualStudioVersion = 17.0.32126.317
MinimumVisualStudioVersion = 10.0.40219.1
Project("{FAE04EC0-301F-11D3-BF4B-00C04F79EFBC}") = "Ten marks", "Ten marks\Ten marks.csproj", "{C0C120CE-44F1-4788-9CCB-48CC8ADBDEEE}"
EndProject
Global
	GlobalSection(SolutionConfigurationPlatforms) = preSolution
		Debug|Any CPU = Debug|Any CPU
		Release|Any CPU = Release|Any CPU
	EndGlobalSection
	GlobalSection(ProjectConfigurationPlatforms) = postSolution
		{C0C120CE-44F1-4788-9CCB-48CC8ADBDEEE}.Debug|Any CPU.ActiveCfg = Debug|Any CPU
		{C0C120CE-44F1-4788-9CCB-48CC8ADBDEEE}.Debug|Any CPU.Build.0 = Debug|Any CPU
		{C0C120CE-44F1-4788-9CCB-48CC8ADBDEEE}.Release|Any CPU.ActiveCfg = Release|Any CPU
		{C0C120CE-44F1-4788-9CCB-48CC8ADBDEEE}.Release|Any CPU.Build.0 = Release|Any CPU
	EndGlobalSection
	GlobalSection(SolutionProperties) = preSolution
		HideSolutionNode = FALSE
	EndGlobalSection
	GlobalSection(ExtensibilityGlobals) = postSolution
		SolutionGuid = {945F5E32-D568-42DB-B349-042CCDDC3D3E}
	EndGlobalSection
EndGlobal
